// !$*UTF8*$!
{
	archiveVersion = 1;
	classes = {
	};
	objectVersion = 56;
	objects = {

/* Begin PBXBuildFile section */
		84C332F029517A35004E1CE1 /* Pinch_AppApp.swift in Sources */ = {isa = PBXBuildFile; fileRef = 84C332EF29517A35004E1CE1 /* Pinch_AppApp.swift */; };
		84C332F229517A35004E1CE1 /* ContentView.swift in Sources */ = {isa = PBXBuildFile; fileRef = 84C332F129517A35004E1CE1 /* ContentView.swift */; };
		84C332F429517A38004E1CE1 /* Assets.xcassets in Resources */ = {isa = PBXBuildFile; fileRef = 84C332F329517A38004E1CE1 /* Assets.xcassets */; };
		84C332F729517A38004E1CE1 /* Preview Assets.xcassets in Resources */ = {isa = PBXBuildFile; fileRef = 84C332F629517A38004E1CE1 /* Preview Assets.xcassets */; };
		84C3330229519B1A004E1CE1 /* InfoPanelView.swift in Sources */ = {isa = PBXBuildFile; fileRef = 84C3330129519B1A004E1CE1 /* InfoPanelView.swift */; };
		84C333042951B598004E1CE1 /* ControlerImageView.swift in Sources */ = {isa = PBXBuildFile; fileRef = 84C333032951B598004E1CE1 /* ControlerImageView.swift */; };
		84C333062951D502004E1CE1 /* PageModel.swift in Sources */ = {isa = PBXBuildFile; fileRef = 84C333052951D502004E1CE1 /* PageModel.swift */; };
		84C333082951D5CC004E1CE1 /* PageData.swift in Sources */ = {isa = PBXBuildFile; fileRef = 84C333072951D5CC004E1CE1 /* PageData.swift */; };
/* End PBXBuildFile section */

/* Begin PBXFileReference section */
		84C332EC29517A35004E1CE1 /* Pinch App.app */ = {isa = PBXFileReference; explicitFileType = wrapper.application; includeInIndex = 0; path = "Pinch App.app"; sourceTree = BUILT_PRODUCTS_DIR; };
		84C332EF29517A35004E1CE1 /* Pinch_AppApp.swift */ = {isa = PBXFileReference; lastKnownFileType = sourcecode.swift; path = Pinch_AppApp.swift; sourceTree = "<group>"; };
		84C332F129517A35004E1CE1 /* ContentView.swift */ = {isa = PBXFileReference; lastKnownFileType = sourcecode.swift; path = ContentView.swift; sourceTree = "<group>"; };
		84C332F329517A38004E1CE1 /* Assets.xcassets */ = {isa = PBXFileReference; lastKnownFileType = folder.assetcatalog; path = Assets.xcassets; sourceTree = "<group>"; };
		84C332F629517A38004E1CE1 /* Preview Assets.xcassets */ = {isa = PBXFileReference; lastKnownFileType = folder.assetcatalog; path = "Preview Assets.xcassets"; sourceTree = "<group>"; };
		84C3330129519B1A004E1CE1 /* InfoPanelView.swift */ = {isa = PBXFileReference; lastKnownFileType = sourcecode.swift; path = InfoPanelView.swift; sourceTree = "<group>"; };
		84C333032951B598004E1CE1 /* ControlerImageView.swift */ = {isa = PBXFileReference; lastKnownFileType = sourcecode.swift; path = ControlerImageView.swift; sourceTree = "<group>"; };
		84C333052951D502004E1CE1 /* PageModel.swift */ = {isa = PBXFileReference; lastKnownFileType = sourcecode.swift; path = PageModel.swift; sourceTree = "<group>"; };
		84C333072951D5CC004E1CE1 /* PageData.swift */ = {isa = PBXFileReference; lastKnownFileType = sourcecode.swift; path = PageData.swift; sourceTree = "<group>"; };
/* End PBXFileReference section */

/* Begin PBXFrameworksBuildPhase section */
		84C332E929517A35004E1CE1 /* Frameworks */ = {
			isa = PBXFrameworksBuildPhase;
			buildActionMask = 2147483647;
			files = (
			);
			runOnlyForDeploymentPostprocessing = 0;
		};
/* End PBXFrameworksBuildPhase section */

/* Begin PBXGroup section */
		84C332E329517A35004E1CE1 = {
			isa = PBXGroup;
			children = (
				84C332EE29517A35004E1CE1 /* Pinch App */,
				84C332ED29517A35004E1CE1 /* Products */,
			);
			sourceTree = "<group>";
		};
		84C332ED29517A35004E1CE1 /* Products */ = {
			isa = PBXGroup;
			children = (
				84C332EC29517A35004E1CE1 /* Pinch App.app */,
			);
			name = Products;
			sourceTree = "<group>";
		};
		84C332EE29517A35004E1CE1 /* Pinch App */ = {
			isa = PBXGroup;
			children = (
				84C332FE29517F1B004E1CE1 /* Data */,
				84C332FF29517F23004E1CE1 /* Model */,
				84C3330029517F2C004E1CE1 /* View */,
				84C332EF29517A35004E1CE1 /* Pinch_AppApp.swift */,
				84C332FD29517BD1004E1CE1 /* Screen */,
				84C332F329517A38004E1CE1 /* Assets.xcassets */,
				84C332F529517A38004E1CE1 /* Preview Content */,
			);
			path = "Pinch App";
			sourceTree = "<group>";
		};
		84C332F529517A38004E1CE1 /* Preview Content */ = {
			isa = PBXGroup;
			children = (
				84C332F629517A38004E1CE1 /* Preview Assets.xcassets */,
			);
			path = "Preview Content";
			sourceTree = "<group>";
		};
		84C332FD29517BD1004E1CE1 /* Screen */ = {
			isa = PBXGroup;
			children = (
				84C332F129517A35004E1CE1 /* ContentView.swift */,
			);
			path = Screen;
			sourceTree = "<group>";
		};
		84C332FE29517F1B004E1CE1 /* Data */ = {
			isa = PBXGroup;
			children = (
				84C333072951D5CC004E1CE1 /* PageData.swift */,
			);
			path = Data;
			sourceTree = "<group>";
		};
		84C332FF29517F23004E1CE1 /* Model */ = {
			isa = PBXGroup;
			children = (
				84C333052951D502004E1CE1 /* PageModel.swift */,
			);
			path = Model;
			sourceTree = "<group>";
		};
		84C3330029517F2C004E1CE1 /* View */ = {
			isa = PBXGroup;
			children = (
				84C3330129519B1A004E1CE1 /* InfoPanelView.swift */,
				84C333032951B598004E1CE1 /* ControlerImageView.swift */,
			);
			path = View;
			sourceTree = "<group>";
		};
/* End PBXGroup section */

/* Begin PBXNativeTarget section */
		84C332EB29517A35004E1CE1 /* Pinch App */ = {
			isa = PBXNativeTarget;
			buildConfigurationList = 84C332FA29517A38004E1CE1 /* Build configuration list for PBXNativeTarget "Pinch App" */;
			buildPhases = (
				84C332E829517A35004E1CE1 /* Sources */,
				84C332E929517A35004E1CE1 /* Frameworks */,
				84C332EA29517A35004E1CE1 /* Resources */,
			);
			buildRules = (
			);
			dependencies = (
			);
			name = "Pinch App";
			productName = "Pinch App";
			productReference = 84C332EC29517A35004E1CE1 /* Pinch App.app */;
			productType = "com.apple.product-type.application";
		};
/* End PBXNativeTarget section */

/* Begin PBXProject section */
		84C332E429517A35004E1CE1 /* Project object */ = {
			isa = PBXProject;
			attributes = {
				BuildIndependentTargetsInParallel = 1;
				LastSwiftUpdateCheck = 1420;
				LastUpgradeCheck = 1420;
				TargetAttributes = {
					84C332EB29517A35004E1CE1 = {
						CreatedOnToolsVersion = 14.2;
					};
				};
			};
			buildConfigurationList = 84C332E729517A35004E1CE1 /* Build configuration list for PBXProject "Pinch App" */;
			compatibilityVersion = "Xcode 14.0";
			developmentRegion = en;
			hasScannedForEncodings = 0;
			knownRegions = (
				en,
				Base,
			);
			mainGroup = 84C332E329517A35004E1CE1;
			productRefGroup = 84C332ED29517A35004E1CE1 /* Products */;
			projectDirPath = "";
			projectRoot = "";
			targets = (
				84C332EB29517A35004E1CE1 /* Pinch App */,
			);
		};
/* End PBXProject section */

/* Begin PBXResourcesBuildPhase section */
		84C332EA29517A35004E1CE1 /* Resources */ = {
			isa = PBXResourcesBuildPhase;
			buildActionMask = 2147483647;
			files = (
				84C332F729517A38004E1CE1 /* Preview Assets.xcassets in Resources */,
				84C332F429517A38004E1CE1 /* Assets.xcassets in Resources */,
			);
			runOnlyForDeploymentPostprocessing = 0;
		};
/* End PBXResourcesBuildPhase section */

/* Begin PBXSourcesBuildPhase section */
		84C332E829517A35004E1CE1 /* Sources */ = {
			isa = PBXSourcesBuildPhase;
			buildActionMask = 2147483647;
			files = (
				84C332F229517A35004E1CE1 /* ContentView.swift in Sources */,
				84C333062951D502004E1CE1 /* PageModel.swift in Sources */,
				84C333042951B598004E1CE1 /* ControlerImageView.swift in Sources */,
				84C332F029517A35004E1CE1 /* Pinch_AppApp.swift in Sources */,
				84C333082951D5CC004E1CE1 /* PageData.swift in Sources */,
				84C3330229519B1A004E1CE1 /* InfoPanelView.swift in Sources */,
			);
			runOnlyForDeploymentPostprocessing = 0;
		};
/* End PBXSourcesBuildPhase section */

/* Begin XCBuildConfiguration section */
		84C332F829517A38004E1CE1 /* Debug */ = {
			isa = XCBuildConfiguration;
			buildSettings = {
				ALWAYS_SEARCH_USER_PATHS = NO;
				CLANG_ANALYZER_NONNULL = YES;
				CLANG_ANALYZER_NUMBER_OBJECT_CONVERSION = YES_AGGRESSIVE;
				CLANG_CXX_LANGUAGE_STANDARD = "gnu++20";
				CLANG_ENABLE_MODULES = YES;
				CLANG_ENABLE_OBJC_ARC = YES;
				CLANG_ENABLE_OBJC_WEAK = YES;
				CLANG_WARN_BLOCK_CAPTURE_AUTORELEASING = YES;
				CLANG_WARN_BOOL_CONVERSION = YES;
				CLANG_WARN_COMMA = YES;
				CLANG_WARN_CONSTANT_CONVERSION = YES;
				CLANG_WARN_DEPRECATED_OBJC_IMPLEMENTATIONS = YES;
				CLANG_WARN_DIRECT_OBJC_ISA_USAGE = YES_ERROR;
				CLANG_WARN_DOCUMENTATION_COMMENTS = YES;
				CLANG_WARN_EMPTY_BODY = YES;
				CLANG_WARN_ENUM_CONVERSION = YES;
				CLANG_WARN_INFINITE_RECURSION = YES;
				CLANG_WARN_INT_CONVERSION = YES;
				CLANG_WARN_NON_LITERAL_NULL_CONVERSION = YES;
				CLANG_WARN_OBJC_IMPLICIT_RETAIN_SELF = YES;
				CLANG_WARN_OBJC_LITERAL_CONVERSION = YES;
				CLANG_WARN_OBJC_ROOT_CLASS = YES_ERROR;
				CLANG_WARN_QUOTED_INCLUDE_IN_FRAMEWORK_HEADER = YES;
				CLANG_WARN_RANGE_LOOP_ANALYSIS = YES;
				CLANG_WARN_STRICT_PROTOTYPES = YES;
				CLANG_WARN_SUSPICIOUS_MOVE = YES;
				CLANG_WARN_UNGUARDED_AVAILABILITY = YES_AGGRESSIVE;
				CLANG_WARN_UNREACHABLE_CODE = YES;
				CLANG_WARN__DUPLICATE_METHOD_MATCH = YES;
				COPY_PHASE_STRIP = NO;
				DEBUG_INFORMATION_FORMAT = dwarf;
				ENABLE_STRICT_OBJC_MSGSEND = YES;
				ENABLE_TESTABILITY = YES;
				GCC_C_LANGUAGE_STANDARD = gnu11;
				GCC_DYNAMIC_NO_PIC = NO;
				GCC_NO_COMMON_BLOCKS = YES;
				GCC_OPTIMIZATION_LEVEL = 0;
				GCC_PREPROCESSOR_DEFINITIONS = (
					"DEBUG=1",
					"$(inherited)",
				);
				GCC_WARN_64_TO_32_BIT_CONVERSION = YES;
				GCC_WARN_ABOUT_RETURN_TYPE = YES_ERROR;
				GCC_WARN_UNDECLARED_SELECTOR = YES;
				GCC_WARN_UNINITIALIZED_AUTOS = YES_AGGRESSIVE;
				GCC_WARN_UNUSED_FUNCTION = YES;
				GCC_WARN_UNUSED_VARIABLE = YES;
				IPHONEOS_DEPLOYMENT_TARGET = 16.2;
				MTL_ENABLE_DEBUG_INFO = INCLUDE_SOURCE;
				MTL_FAST_MATH = YES;
				ONLY_ACTIVE_ARCH = YES;
				SDKROOT = iphoneos;
				SWIFT_ACTIVE_COMPILATION_CONDITIONS = DEBUG;
				SWIFT_OPTIMIZATION_LEVEL = "-Onone";
			};
			name = Debug;
		};
		84C332F929517A38004E1CE1 /* Release */ = {
			isa = XCBuildConfiguration;
			buildSettings = {
				ALWAYS_SEARCH_USER_PATHS = NO;
				CLANG_ANALYZER_NONNULL = YES;
				CLANG_ANALYZER_NUMBER_OBJECT_CONVERSION = YES_AGGRESSIVE;
				CLANG_CXX_LANGUAGE_STANDARD = "gnu++20";
				CLANG_ENABLE_MODULES = YES;
				CLANG_ENABLE_OBJC_ARC = YES;
				CLANG_ENABLE_OBJC_WEAK = YES;
				CLANG_WARN_BLOCK_CAPTURE_AUTORELEASING = YES;
				CLANG_WARN_BOOL_CONVERSION = YES;
				CLANG_WARN_COMMA = YES;
				CLANG_WARN_CONSTANT_CONVERSION = YES;
				CLANG_WARN_DEPRECATED_OBJC_IMPLEMENTATIONS = YES;
				CLANG_WARN_DIRECT_OBJC_ISA_USAGE = YES_ERROR;
				CLANG_WARN_DOCUMENTATION_COMMENTS = YES;
				CLANG_WARN_EMPTY_BODY = YES;
				CLANG_WARN_ENUM_CONVERSION = YES;
				CLANG_WARN_INFINITE_RECURSION = YES;
				CLANG_WARN_INT_CONVERSION = YES;
				CLANG_WARN_NON_LITERAL_NULL_CONVERSION = YES;
				CLANG_WARN_OBJC_IMPLICIT_RETAIN_SELF = YES;
				CLANG_WARN_OBJC_LITERAL_CONVERSION = YES;
				CLANG_WARN_OBJC_ROOT_CLASS = YES_ERROR;
				CLANG_WARN_QUOTED_INCLUDE_IN_FRAMEWORK_HEADER = YES;
				CLANG_WARN_RANGE_LOOP_ANALYSIS = YES;
				CLANG_WARN_STRICT_PROTOTYPES = YES;
				CLANG_WARN_SUSPICIOUS_MOVE = YES;
				CLANG_WARN_UNGUARDED_AVAILABILITY = YES_AGGRESSIVE;
				CLANG_WARN_UNREACHABLE_CODE = YES;
				CLANG_WARN__DUPLICATE_METHOD_MATCH = YES;
				COPY_PHASE_STRIP = NO;
				DEBUG_INFORMATION_FORMAT = "dwarf-with-dsym";
				ENABLE_NS_ASSERTIONS = NO;
				ENABLE_STRICT_OBJC_MSGSEND = YES;
				GCC_C_LANGUAGE_STANDARD = gnu11;
				GCC_NO_COMMON_BLOCKS = YES;
				GCC_WARN_64_TO_32_BIT_CONVERSION = YES;
				GCC_WARN_ABOUT_RETURN_TYPE = YES_ERROR;
				GCC_WARN_UNDECLARED_SELECTOR = YES;
				GCC_WARN_UNINITIALIZED_AUTOS = YES_AGGRESSIVE;
				GCC_WARN_UNUSED_FUNCTION = YES;
				GCC_WARN_UNUSED_VARIABLE = YES;
				IPHONEOS_DEPLOYMENT_TARGET = 16.2;
				MTL_ENABLE_DEBUG_INFO = NO;
				MTL_FAST_MATH = YES;
				SDKROOT = iphoneos;
				SWIFT_COMPILATION_MODE = wholemodule;
				SWIFT_OPTIMIZATION_LEVEL = "-O";
				VALIDATE_PRODUCT = YES;
			};
			name = Release;
		};
		84C332FB29517A38004E1CE1 /* Debug */ = {
			isa = XCBuildConfiguration;
			buildSettings = {
				ASSETCATALOG_COMPILER_APPICON_NAME = AppIcon;
				ASSETCATALOG_COMPILER_GLOBAL_ACCENT_COLOR_NAME = AccentColor;
				CODE_SIGN_STYLE = Automatic;
				CURRENT_PROJECT_VERSION = 1;
				DEVELOPMENT_ASSET_PATHS = "\"Pinch App/Preview Content\"";
				ENABLE_PREVIEWS = YES;
				GENERATE_INFOPLIST_FILE = YES;
				INFOPLIST_KEY_UIApplicationSceneManifest_Generation = YES;
				INFOPLIST_KEY_UIApplicationSupportsIndirectInputEvents = YES;
				INFOPLIST_KEY_UILaunchScreen_Generation = YES;
				INFOPLIST_KEY_UISupportedInterfaceOrientations_iPad = "UIInterfaceOrientationPortrait UIInterfaceOrientationPortraitUpsideDown UIInterfaceOrientationLandscapeLeft UIInterfaceOrientationLandscapeRight";
				INFOPLIST_KEY_UISupportedInterfaceOrientations_iPhone = UIInterfaceOrientationPortrait;
				LD_RUNPATH_SEARCH_PATHS = (
					"$(inherited)",
					"@executable_path/Frameworks",
				);
				MARKETING_VERSION = 1.0;
				PRODUCT_BUNDLE_IDENTIFIER = "com.rajesh.Pinch-App";
				PRODUCT_NAME = "$(TARGET_NAME)";
				SWIFT_EMIT_LOC_STRINGS = YES;
				SWIFT_VERSION = 5.0;
				TARGETED_DEVICE_FAMILY = "1,2";
			};
			name = Debug;
		};
		84C332FC29517A38004E1CE1 /* Release */ = {
			isa = XCBuildConfiguration;
			buildSettings = {
				ASSETCATALOG_COMPILER_APPICON_NAME = AppIcon;
				ASSETCATALOG_COMPILER_GLOBAL_ACCENT_COLOR_NAME = AccentColor;
				CODE_SIGN_STYLE = Automatic;
				CURRENT_PROJECT_VERSION = 1;
				DEVELOPMENT_ASSET_PATHS = "\"Pinch App/Preview Content\"";
				ENABLE_PREVIEWS = YES;
				GENERATE_INFOPLIST_FILE = YES;
				INFOPLIST_KEY_UIApplicationSceneManifest_Generation = YES;
				INFOPLIST_KEY_UIApplicationSupportsIndirectInputEvents = YES;
				INFOPLIST_KEY_UILaunchScreen_Generation = YES;
				INFOPLIST_KEY_UISupportedInterfaceOrientations_iPad = "UIInterfaceOrientationPortrait UIInterfaceOrientationPortraitUpsideDown UIInterfaceOrientationLandscapeLeft UIInterfaceOrientationLandscapeRight";
				INFOPLIST_KEY_UISupportedInterfaceOrientations_iPhone = UIInterfaceOrientationPortrait;
				LD_RUNPATH_SEARCH_PATHS = (
					"$(inherited)",
					"@executable_path/Frameworks",
				);
				MARKETING_VERSION = 1.0;
				PRODUCT_BUNDLE_IDENTIFIER = "com.rajesh.Pinch-App";
				PRODUCT_NAME = "$(TARGET_NAME)";
				SWIFT_EMIT_LOC_STRINGS = YES;
				SWIFT_VERSION = 5.0;
				TARGETED_DEVICE_FAMILY = "1,2";
			};
			name = Release;
		};
/* End XCBuildConfiguration section */

/* Begin XCConfigurationList section */
		84C332E729517A35004E1CE1 /* Build configuration list for PBXProject "Pinch App" */ = {
			isa = XCConfigurationList;
			buildConfigurations = (
				84C332F829517A38004E1CE1 /* Debug */,
				84C332F929517A38004E1CE1 /* Release */,
			);
			defaultConfigurationIsVisible = 0;
			defaultConfigurationName = Release;
		};
		84C332FA29517A38004E1CE1 /* Build configuration list for PBXNativeTarget "Pinch App" */ = {
			isa = XCConfigurationList;
			buildConfigurations = (
				84C332FB29517A38004E1CE1 /* Debug */,
				84C332FC29517A38004E1CE1 /* Release */,
			);
			defaultConfigurationIsVisible = 0;
			defaultConfigurationName = Release;
		};
/* End XCConfigurationList section */
	};
	rootObject = 84C332E429517A35004E1CE1 /* Project object */;
}
